# This file is automatically @generated by Cargo.
# It is not intended for manual editing.
version = 3

[[package]]
name = "aoc-0801"
version = "0.1.0"
dependencies = [
 "take-until",
]

[[package]]
name = "take-until"
version = "0.1.0"
source = "git+https://github.com/hdevalke/take-until?branch=master#2fd07a84290687985058ec415d7667a9bc9573ff"
